
Microsoft Visual Studio Solution File, Format Version 12.00
# Visual Studio Version 16
VisualStudioVersion = 16.0.29020.237
MinimumVisualStudioVersion = 10.0.40219.1
Project("{2150E333-8FDC-42A3-9474-1A3956D46DE8}") = "5 - Infraestructura", "5 - Infraestructura", "{8DC3AD19-D74D-4D45-9524-6D9273DB1A61}"
EndProject
Project("{9A19103F-16F7-4668-BE54-9A1E7A4F7556}") = "Galenort.Infraestructura", "Galenort.Infraestructura\Galenort.Infraestructura.csproj", "{99DBA8A0-5CF3-45DC-9C8F-743B798CFF9C}"
EndProject
Project("{2150E333-8FDC-42A3-9474-1A3956D46DE8}") = "1 - Presentacion", "1 - Presentacion", "{5C66B3E4-0CAF-4488-BE8F-12867AA564C1}"
EndProject
Project("{2150E333-8FDC-42A3-9474-1A3956D46DE8}") = "2 - Aplicacion", "2 - Aplicacion", "{925DCFB1-2278-4CFB-93AC-CC2D24BEEB58}"
EndProject
Project("{2150E333-8FDC-42A3-9474-1A3956D46DE8}") = "3 - Servicio", "3 - Servicio", "{C07C84CB-A582-433D-A2AA-F5CC45469495}"
EndProject
Project("{2150E333-8FDC-42A3-9474-1A3956D46DE8}") = "4 - Dominio", "4 - Dominio", "{3CFC3819-05D5-4CB3-A55A-0185F01E53A1}"
EndProject
Project("{2150E333-8FDC-42A3-9474-1A3956D46DE8}") = "1 - API", "1 - API", "{CF6B416E-BB33-4F01-B3A7-7D30C7CD5793}"
EndProject
Project("{2150E333-8FDC-42A3-9474-1A3956D46DE8}") = "2 - Mapper", "2 - Mapper", "{E860B7AB-553E-4652-AFFF-6DA64675DE15}"
EndProject
Project("{9A19103F-16F7-4668-BE54-9A1E7A4F7556}") = "Galenort.Dominio", "Galenort.Dominio\Galenort.Dominio.csproj", "{A7EF9A01-E7C2-457C-B7BD-68253DA587F7}"
EndProject
Project("{2150E333-8FDC-42A3-9474-1A3956D46DE8}") = "1 - Interfaces", "1 - Interfaces", "{D72B66D8-FA5B-4679-BACE-3BF51498272F}"
EndProject
Project("{2150E333-8FDC-42A3-9474-1A3956D46DE8}") = "2 - Implementacion", "2 - Implementacion", "{5770442B-9DC3-4029-85C2-1DCD588F7F4E}"
EndProject
Project("{2150E333-8FDC-42A3-9474-1A3956D46DE8}") = "3 - Helpers", "3 - Helpers", "{C915D558-E5DD-46BB-B395-C429A563AC71}"
EndProject
Project("{2150E333-8FDC-42A3-9474-1A3956D46DE8}") = "3 - Conexion", "3 - Conexion", "{13025772-D4FB-4343-B7CF-518BE2C8A6C2}"
EndProject
Project("{2150E333-8FDC-42A3-9474-1A3956D46DE8}") = "4 - IoC", "4 - IoC", "{5BF250E6-81A7-44A4-B95C-305F04D95393}"
EndProject
Project("{2150E333-8FDC-42A3-9474-1A3956D46DE8}") = "5 - Constantes", "5 - Constantes", "{CCD4241C-34B5-4910-8769-EE95D84D5F88}"
EndProject
Project("{9A19103F-16F7-4668-BE54-9A1E7A4F7556}") = "Galenot.Interces", "Galenot.Interces\Galenot.Interces.csproj", "{D659DF81-704E-400A-A173-1C4DDF339298}"
EndProject
Project("{9A19103F-16F7-4668-BE54-9A1E7A4F7556}") = "Galenort.Implementacion", "Galenort.Implementacion\Galenort.Implementacion.csproj", "{2A1BC6B1-FF16-479B-A310-3B310E7F41F0}"
EndProject
Project("{9A19103F-16F7-4668-BE54-9A1E7A4F7556}") = "Galenort.Conexion", "Galenort.Conexion\Galenort.Conexion.csproj", "{155EA341-CD1C-492D-B1AE-AAEE28258CE5}"
EndProject
Project("{9A19103F-16F7-4668-BE54-9A1E7A4F7556}") = "Galenort.Constantes", "Galenort.Constantes\Galenort.Constantes.csproj", "{29C88474-A32C-41E9-9EDE-DFD17F13336B}"
EndProject
Project("{9A19103F-16F7-4668-BE54-9A1E7A4F7556}") = "Galenort.Mapper", "Galenort.Mapper\Galenort.Mapper.csproj", "{2FC922BC-3B62-4681-8431-BC7A5D4044DF}"
EndProject
Project("{FAE04EC0-301F-11D3-BF4B-00C04F79EFBC}") = "Galenort.IoC", "Galenort.IoC\Galenort.IoC.csproj", "{7A1F4BB5-DDD7-4B7B-BBF1-EA6CF429AF2A}"
EndProject
Project("{FAE04EC0-301F-11D3-BF4B-00C04F79EFBC}") = "Galenor.API", "Galenor.API\Galenor.API.csproj", "{0FB3D2DE-5DE2-424E-B24F-D7B18E1ED0AB}"
EndProject
Project("{FAE04EC0-301F-11D3-BF4B-00C04F79EFBC}") = "Galenort.Presentacion", "Galenort.Presentacion\Galenort.Presentacion.csproj", "{85B9993F-5556-4A93-8B89-8DB0159F3836}"
EndProject
Global
	GlobalSection(SolutionConfigurationPlatforms) = preSolution
		Debug|Any CPU = Debug|Any CPU
		Release|Any CPU = Release|Any CPU
	EndGlobalSection
	GlobalSection(ProjectConfigurationPlatforms) = postSolution
		{99DBA8A0-5CF3-45DC-9C8F-743B798CFF9C}.Debug|Any CPU.ActiveCfg = Debug|Any CPU
		{99DBA8A0-5CF3-45DC-9C8F-743B798CFF9C}.Debug|Any CPU.Build.0 = Debug|Any CPU
		{99DBA8A0-5CF3-45DC-9C8F-743B798CFF9C}.Release|Any CPU.ActiveCfg = Release|Any CPU
		{99DBA8A0-5CF3-45DC-9C8F-743B798CFF9C}.Release|Any CPU.Build.0 = Release|Any CPU
		{A7EF9A01-E7C2-457C-B7BD-68253DA587F7}.Debug|Any CPU.ActiveCfg = Debug|Any CPU
		{A7EF9A01-E7C2-457C-B7BD-68253DA587F7}.Debug|Any CPU.Build.0 = Debug|Any CPU
		{A7EF9A01-E7C2-457C-B7BD-68253DA587F7}.Release|Any CPU.ActiveCfg = Release|Any CPU
		{A7EF9A01-E7C2-457C-B7BD-68253DA587F7}.Release|Any CPU.Build.0 = Release|Any CPU
		{D659DF81-704E-400A-A173-1C4DDF339298}.Debug|Any CPU.ActiveCfg = Debug|Any CPU
		{D659DF81-704E-400A-A173-1C4DDF339298}.Debug|Any CPU.Build.0 = Debug|Any CPU
		{D659DF81-704E-400A-A173-1C4DDF339298}.Release|Any CPU.ActiveCfg = Release|Any CPU
		{D659DF81-704E-400A-A173-1C4DDF339298}.Release|Any CPU.Build.0 = Release|Any CPU
		{2A1BC6B1-FF16-479B-A310-3B310E7F41F0}.Debug|Any CPU.ActiveCfg = Debug|Any CPU
		{2A1BC6B1-FF16-479B-A310-3B310E7F41F0}.Debug|Any CPU.Build.0 = Debug|Any CPU
		{2A1BC6B1-FF16-479B-A310-3B310E7F41F0}.Release|Any CPU.ActiveCfg = Release|Any CPU
		{2A1BC6B1-FF16-479B-A310-3B310E7F41F0}.Release|Any CPU.Build.0 = Release|Any CPU
		{155EA341-CD1C-492D-B1AE-AAEE28258CE5}.Debug|Any CPU.ActiveCfg = Debug|Any CPU
		{155EA341-CD1C-492D-B1AE-AAEE28258CE5}.Debug|Any CPU.Build.0 = Debug|Any CPU
		{155EA341-CD1C-492D-B1AE-AAEE28258CE5}.Release|Any CPU.ActiveCfg = Release|Any CPU
		{155EA341-CD1C-492D-B1AE-AAEE28258CE5}.Release|Any CPU.Build.0 = Release|Any CPU
		{29C88474-A32C-41E9-9EDE-DFD17F13336B}.Debug|Any CPU.ActiveCfg = Debug|Any CPU
		{29C88474-A32C-41E9-9EDE-DFD17F13336B}.Debug|Any CPU.Build.0 = Debug|Any CPU
		{29C88474-A32C-41E9-9EDE-DFD17F13336B}.Release|Any CPU.ActiveCfg = Release|Any CPU
		{29C88474-A32C-41E9-9EDE-DFD17F13336B}.Release|Any CPU.Build.0 = Release|Any CPU
		{2FC922BC-3B62-4681-8431-BC7A5D4044DF}.Debug|Any CPU.ActiveCfg = Debug|Any CPU
		{2FC922BC-3B62-4681-8431-BC7A5D4044DF}.Debug|Any CPU.Build.0 = Debug|Any CPU
		{2FC922BC-3B62-4681-8431-BC7A5D4044DF}.Release|Any CPU.ActiveCfg = Release|Any CPU
		{2FC922BC-3B62-4681-8431-BC7A5D4044DF}.Release|Any CPU.Build.0 = Release|Any CPU
		{7A1F4BB5-DDD7-4B7B-BBF1-EA6CF429AF2A}.Debug|Any CPU.ActiveCfg = Debug|Any CPU
		{7A1F4BB5-DDD7-4B7B-BBF1-EA6CF429AF2A}.Debug|Any CPU.Build.0 = Debug|Any CPU
		{7A1F4BB5-DDD7-4B7B-BBF1-EA6CF429AF2A}.Release|Any CPU.ActiveCfg = Release|Any CPU
		{7A1F4BB5-DDD7-4B7B-BBF1-EA6CF429AF2A}.Release|Any CPU.Build.0 = Release|Any CPU
		{0FB3D2DE-5DE2-424E-B24F-D7B18E1ED0AB}.Debug|Any CPU.ActiveCfg = Debug|Any CPU
		{0FB3D2DE-5DE2-424E-B24F-D7B18E1ED0AB}.Debug|Any CPU.Build.0 = Debug|Any CPU
		{0FB3D2DE-5DE2-424E-B24F-D7B18E1ED0AB}.Release|Any CPU.ActiveCfg = Release|Any CPU
		{0FB3D2DE-5DE2-424E-B24F-D7B18E1ED0AB}.Release|Any CPU.Build.0 = Release|Any CPU
		{85B9993F-5556-4A93-8B89-8DB0159F3836}.Debug|Any CPU.ActiveCfg = Debug|Any CPU
		{85B9993F-5556-4A93-8B89-8DB0159F3836}.Debug|Any CPU.Build.0 = Debug|Any CPU
		{85B9993F-5556-4A93-8B89-8DB0159F3836}.Release|Any CPU.ActiveCfg = Release|Any CPU
		{85B9993F-5556-4A93-8B89-8DB0159F3836}.Release|Any CPU.Build.0 = Release|Any CPU
	EndGlobalSection
	GlobalSection(SolutionProperties) = preSolution
		HideSolutionNode = FALSE
	EndGlobalSection
	GlobalSection(NestedProjects) = preSolution
		{99DBA8A0-5CF3-45DC-9C8F-743B798CFF9C} = {8DC3AD19-D74D-4D45-9524-6D9273DB1A61}
		{CF6B416E-BB33-4F01-B3A7-7D30C7CD5793} = {925DCFB1-2278-4CFB-93AC-CC2D24BEEB58}
		{E860B7AB-553E-4652-AFFF-6DA64675DE15} = {925DCFB1-2278-4CFB-93AC-CC2D24BEEB58}
		{A7EF9A01-E7C2-457C-B7BD-68253DA587F7} = {3CFC3819-05D5-4CB3-A55A-0185F01E53A1}
		{D72B66D8-FA5B-4679-BACE-3BF51498272F} = {C07C84CB-A582-433D-A2AA-F5CC45469495}
		{5770442B-9DC3-4029-85C2-1DCD588F7F4E} = {C07C84CB-A582-433D-A2AA-F5CC45469495}
		{C915D558-E5DD-46BB-B395-C429A563AC71} = {C07C84CB-A582-433D-A2AA-F5CC45469495}
		{13025772-D4FB-4343-B7CF-518BE2C8A6C2} = {925DCFB1-2278-4CFB-93AC-CC2D24BEEB58}
		{5BF250E6-81A7-44A4-B95C-305F04D95393} = {925DCFB1-2278-4CFB-93AC-CC2D24BEEB58}
		{CCD4241C-34B5-4910-8769-EE95D84D5F88} = {925DCFB1-2278-4CFB-93AC-CC2D24BEEB58}
		{D659DF81-704E-400A-A173-1C4DDF339298} = {D72B66D8-FA5B-4679-BACE-3BF51498272F}
		{2A1BC6B1-FF16-479B-A310-3B310E7F41F0} = {5770442B-9DC3-4029-85C2-1DCD588F7F4E}
		{155EA341-CD1C-492D-B1AE-AAEE28258CE5} = {13025772-D4FB-4343-B7CF-518BE2C8A6C2}
		{29C88474-A32C-41E9-9EDE-DFD17F13336B} = {CCD4241C-34B5-4910-8769-EE95D84D5F88}
		{2FC922BC-3B62-4681-8431-BC7A5D4044DF} = {E860B7AB-553E-4652-AFFF-6DA64675DE15}
		{7A1F4BB5-DDD7-4B7B-BBF1-EA6CF429AF2A} = {5BF250E6-81A7-44A4-B95C-305F04D95393}
		{0FB3D2DE-5DE2-424E-B24F-D7B18E1ED0AB} = {CF6B416E-BB33-4F01-B3A7-7D30C7CD5793}
		{85B9993F-5556-4A93-8B89-8DB0159F3836} = {5C66B3E4-0CAF-4488-BE8F-12867AA564C1}
	EndGlobalSection
	GlobalSection(ExtensibilityGlobals) = postSolution
		SolutionGuid = {C4B6F096-9146-4D22-8BE0-55B360CDDAEE}
	EndGlobalSection
EndGlobal
